PODS:
  - Alamofire (4.6.0)
  - IQKeyboardManager (5.0.7)
  - Khalti (0.1.0):
    - Alamofire

DEPENDENCIES:
  - IQKeyboardManager
  - Khalti (from `../`)

EXTERNAL SOURCES:
  Khalti:
    :path: ../

SPEC CHECKSUMS:
  Alamofire: f41a599bd63041760b26d393ec1069d9d7b917f4
  IQKeyboardManager: 0bfa4607d39924116b5c0c8b55b5d789288b5cba
  Khalti: 5f524c69989e3731cc9aec3d1293e4d45f6109bc

PODFILE CHECKSUM: 0094e0d3c25f439f7708ea14006b6ba5e9348387

COCOAPODS: 1.3.1
