PODS:
  - IQKeyboardManager (6.2.1)
  - Khalti (1.0.14)

DEPENDENCIES:
  - IQKeyboardManager
  - Khalti (from `../`)

SPEC REPOS:
  https://github.com/cocoapods/specs.git:
    - IQKeyboardManager

EXTERNAL SOURCES:
  Khalti:
    :path: "../"

SPEC CHECKSUMS:
  IQKeyboardManager: 964638372b4a61892cc74fdfa6fd26de8c9464a2
  Khalti: b7d6688887bb7079b63471d1c0fe9d3a65b32627

PODFILE CHECKSUM: f15c808c8be75207e3c94dfad4e746e17774b0d8

COCOAPODS: 1.5.3
