// !$*UTF8*$!
{
	archiveVersion = 1;
	classes = {
	};
	objectVersion = 48;
	objects = {

/* Begin PBXBuildFile section */
		6E3B26BF20451EF1002BD80C /* AppDelegate.m in Sources */ = {isa = PBXBuildFile; fileRef = 6E3B26BE20451EF1002BD80C /* AppDelegate.m */; };
		6E3B26C220451EF1002BD80C /* ViewController.m in Sources */ = {isa = PBXBuildFile; fileRef = 6E3B26C120451EF1002BD80C /* ViewController.m */; };
		6E3B26C520451EF1002BD80C /* Main.storyboard in Resources */ = {isa = PBXBuildFile; fileRef = 6E3B26C320451EF1002BD80C /* Main.storyboard */; };
		6E3B26C720451EF1002BD80C /* Assets.xcassets in Resources */ = {isa = PBXBuildFile; fileRef = 6E3B26C620451EF1002BD80C /* Assets.xcassets */; };
		6E3B26CA20451EF1002BD80C /* LaunchScreen.storyboard in Resources */ = {isa = PBXBuildFile; fileRef = 6E3B26C820451EF1002BD80C /* LaunchScreen.storyboard */; };
		6E3B26CD20451EF1002BD80C /* main.m in Sources */ = {isa = PBXBuildFile; fileRef = 6E3B26CC20451EF1002BD80C /* main.m */; };
		AFD32B2DAF339599CDD67CD4 /* Pods_Khalti_Pay.framework in Frameworks */ = {isa = PBXBuildFile; fileRef = FBC680474AC131989054B8AA /* Pods_Khalti_Pay.framework */; };
/* End PBXBuildFile section */

/* Begin PBXFileReference section */
		6E3B26BA20451EF1002BD80C /* Khalti-Pay.app */ = {isa = PBXFileReference; explicitFileType = wrapper.application; includeInIndex = 0; path = "Khalti-Pay.app"; sourceTree = BUILT_PRODUCTS_DIR; };
		6E3B26BD20451EF1002BD80C /* AppDelegate.h */ = {isa = PBXFileReference; lastKnownFileType = sourcecode.c.h; path = AppDelegate.h; sourceTree = "<group>"; };
		6E3B26BE20451EF1002BD80C /* AppDelegate.m */ = {isa = PBXFileReference; lastKnownFileType = sourcecode.c.objc; path = AppDelegate.m; sourceTree = "<group>"; };
		6E3B26C020451EF1002BD80C /* ViewController.h */ = {isa = PBXFileReference; lastKnownFileType = sourcecode.c.h; path = ViewController.h; sourceTree = "<group>"; };
		6E3B26C120451EF1002BD80C /* ViewController.m */ = {isa = PBXFileReference; lastKnownFileType = sourcecode.c.objc; path = ViewController.m; sourceTree = "<group>"; };
		6E3B26C420451EF1002BD80C /* Base */ = {isa = PBXFileReference; lastKnownFileType = file.storyboard; name = Base; path = Base.lproj/Main.storyboard; sourceTree = "<group>"; };
		6E3B26C620451EF1002BD80C /* Assets.xcassets */ = {isa = PBXFileReference; lastKnownFileType = folder.assetcatalog; path = Assets.xcassets; sourceTree = "<group>"; };
		6E3B26C920451EF1002BD80C /* Base */ = {isa = PBXFileReference; lastKnownFileType = file.storyboard; name = Base; path = Base.lproj/LaunchScreen.storyboard; sourceTree = "<group>"; };
		6E3B26CB20451EF1002BD80C /* Info.plist */ = {isa = PBXFileReference; lastKnownFileType = text.plist.xml; path = Info.plist; sourceTree = "<group>"; };
		6E3B26CC20451EF1002BD80C /* main.m */ = {isa = PBXFileReference; lastKnownFileType = sourcecode.c.objc; path = main.m; sourceTree = "<group>"; };
		B1657DBA96E41E576057E982 /* Pods-Khalti-Pay.debug.xcconfig */ = {isa = PBXFileReference; includeInIndex = 1; lastKnownFileType = text.xcconfig; name = "Pods-Khalti-Pay.debug.xcconfig"; path = "Pods/Target Support Files/Pods-Khalti-Pay/Pods-Khalti-Pay.debug.xcconfig"; sourceTree = "<group>"; };
		E503DB0775F1B3A828A21FEE /* Pods-Khalti-Pay.release.xcconfig */ = {isa = PBXFileReference; includeInIndex = 1; lastKnownFileType = text.xcconfig; name = "Pods-Khalti-Pay.release.xcconfig"; path = "Pods/Target Support Files/Pods-Khalti-Pay/Pods-Khalti-Pay.release.xcconfig"; sourceTree = "<group>"; };
		FBC680474AC131989054B8AA /* Pods_Khalti_Pay.framework */ = {isa = PBXFileReference; explicitFileType = wrapper.framework; includeInIndex = 0; path = Pods_Khalti_Pay.framework; sourceTree = BUILT_PRODUCTS_DIR; };
/* End PBXFileReference section */

/* Begin PBXFrameworksBuildPhase section */
		6E3B26B720451EF1002BD80C /* Frameworks */ = {
			isa = PBXFrameworksBuildPhase;
			buildActionMask = 2147483647;
			files = (
				AFD32B2DAF339599CDD67CD4 /* Pods_Khalti_Pay.framework in Frameworks */,
			);
			runOnlyForDeploymentPostprocessing = 0;
		};
/* End PBXFrameworksBuildPhase section */

/* Begin PBXGroup section */
		4FE717278377C03FB734E5BE /* Frameworks */ = {
			isa = PBXGroup;
			children = (
				FBC680474AC131989054B8AA /* Pods_Khalti_Pay.framework */,
			);
			name = Frameworks;
			sourceTree = "<group>";
		};
		6E3B26B120451EF1002BD80C = {
			isa = PBXGroup;
			children = (
				6E3B26BC20451EF1002BD80C /* Khalti-Pay */,
				6E3B26BB20451EF1002BD80C /* Products */,
				AF329F99C4440E6A66F94502 /* Pods */,
				4FE717278377C03FB734E5BE /* Frameworks */,
			);
			sourceTree = "<group>";
		};
		6E3B26BB20451EF1002BD80C /* Products */ = {
			isa = PBXGroup;
			children = (
				6E3B26BA20451EF1002BD80C /* Khalti-Pay.app */,
			);
			name = Products;
			sourceTree = "<group>";
		};
		6E3B26BC20451EF1002BD80C /* Khalti-Pay */ = {
			isa = PBXGroup;
			children = (
				6E3B26BD20451EF1002BD80C /* AppDelegate.h */,
				6E3B26BE20451EF1002BD80C /* AppDelegate.m */,
				6E3B26C020451EF1002BD80C /* ViewController.h */,
				6E3B26C120451EF1002BD80C /* ViewController.m */,
				6E3B26C320451EF1002BD80C /* Main.storyboard */,
				6E3B26C620451EF1002BD80C /* Assets.xcassets */,
				6E3B26C820451EF1002BD80C /* LaunchScreen.storyboard */,
				6E3B26CB20451EF1002BD80C /* Info.plist */,
				6E3B26CC20451EF1002BD80C /* main.m */,
			);
			path = "Khalti-Pay";
			sourceTree = "<group>";
		};
		AF329F99C4440E6A66F94502 /* Pods */ = {
			isa = PBXGroup;
			children = (
				B1657DBA96E41E576057E982 /* Pods-Khalti-Pay.debug.xcconfig */,
				E503DB0775F1B3A828A21FEE /* Pods-Khalti-Pay.release.xcconfig */,
			);
			name = Pods;
			sourceTree = "<group>";
		};
/* End PBXGroup section */

/* Begin PBXNativeTarget section */
		6E3B26B920451EF1002BD80C /* Khalti-Pay */ = {
			isa = PBXNativeTarget;
			buildConfigurationList = 6E3B26D020451EF1002BD80C /* Build configuration list for PBXNativeTarget "Khalti-Pay" */;
			buildPhases = (
				C1ED0198ABCD992CB3BBB400 /* [CP] Check Pods Manifest.lock */,
				6E3B26B620451EF1002BD80C /* Sources */,
				6E3B26B720451EF1002BD80C /* Frameworks */,
				6E3B26B820451EF1002BD80C /* Resources */,
				1E27864EDFFE872B07F583DD /* [CP] Embed Pods Frameworks */,
			);
			buildRules = (
			);
			dependencies = (
			);
			name = "Khalti-Pay";
			productName = "Khalti-Pay";
			productReference = 6E3B26BA20451EF1002BD80C /* Khalti-Pay.app */;
			productType = "com.apple.product-type.application";
		};
/* End PBXNativeTarget section */

/* Begin PBXProject section */
		6E3B26B220451EF1002BD80C /* Project object */ = {
			isa = PBXProject;
			attributes = {
				LastUpgradeCheck = 0920;
				ORGANIZATIONNAME = "Rajendra Karki";
				TargetAttributes = {
					6E3B26B920451EF1002BD80C = {
						CreatedOnToolsVersion = 9.2;
						ProvisioningStyle = Automatic;
					};
				};
			};
			buildConfigurationList = 6E3B26B520451EF1002BD80C /* Build configuration list for PBXProject "Khalti-Pay" */;
			compatibilityVersion = "Xcode 8.0";
			developmentRegion = en;
			hasScannedForEncodings = 0;
			knownRegions = (
				en,
				Base,
			);
			mainGroup = 6E3B26B120451EF1002BD80C;
			productRefGroup = 6E3B26BB20451EF1002BD80C /* Products */;
			projectDirPath = "";
			projectRoot = "";
			targets = (
				6E3B26B920451EF1002BD80C /* Khalti-Pay */,
			);
		};
/* End PBXProject section */

/* Begin PBXResourcesBuildPhase section */
		6E3B26B820451EF1002BD80C /* Resources */ = {
			isa = PBXResourcesBuildPhase;
			buildActionMask = 2147483647;
			files = (
				6E3B26CA20451EF1002BD80C /* LaunchScreen.storyboard in Resources */,
				6E3B26C720451EF1002BD80C /* Assets.xcassets in Resources */,
				6E3B26C520451EF1002BD80C /* Main.storyboard in Resources */,
			);
			runOnlyForDeploymentPostprocessing = 0;
		};
/* End PBXResourcesBuildPhase section */

/* Begin PBXShellScriptBuildPhase section */
		1E27864EDFFE872B07F583DD /* [CP] Embed Pods Frameworks */ = {
			isa = PBXShellScriptBuildPhase;
			buildActionMask = 2147483647;
			files = (
			);
			inputPaths = (
				"${SRCROOT}/Pods/Target Support Files/Pods-Khalti-Pay/Pods-Khalti-Pay-frameworks.sh",
				"${BUILT_PRODUCTS_DIR}/Khalti/Khalti.framework",
			);
			name = "[CP] Embed Pods Frameworks";
			outputPaths = (
				"${TARGET_BUILD_DIR}/${FRAMEWORKS_FOLDER_PATH}/Khalti.framework",
			);
			runOnlyForDeploymentPostprocessing = 0;
			shellPath = /bin/sh;
			shellScript = "\"${SRCROOT}/Pods/Target Support Files/Pods-Khalti-Pay/Pods-Khalti-Pay-frameworks.sh\"\n";
			showEnvVarsInLog = 0;
		};
		C1ED0198ABCD992CB3BBB400 /* [CP] Check Pods Manifest.lock */ = {
			isa = PBXShellScriptBuildPhase;
			buildActionMask = 2147483647;
			files = (
			);
			inputPaths = (
				"${PODS_PODFILE_DIR_PATH}/Podfile.lock",
				"${PODS_ROOT}/Manifest.lock",
			);
			name = "[CP] Check Pods Manifest.lock";
			outputPaths = (
				"$(DERIVED_FILE_DIR)/Pods-Khalti-Pay-checkManifestLockResult.txt",
			);
			runOnlyForDeploymentPostprocessing = 0;
			shellPath = /bin/sh;
			shellScript = "diff \"${PODS_PODFILE_DIR_PATH}/Podfile.lock\" \"${PODS_ROOT}/Manifest.lock\" > /dev/null\nif [ $? != 0 ] ; then\n    # print error to STDERR\n    echo \"error: The sandbox is not in sync with the Podfile.lock. Run 'pod install' or update your CocoaPods installation.\" >&2\n    exit 1\nfi\n# This output is used by Xcode 'outputs' to avoid re-running this script phase.\necho \"SUCCESS\" > \"${SCRIPT_OUTPUT_FILE_0}\"\n";
			showEnvVarsInLog = 0;
		};
/* End PBXShellScriptBuildPhase section */

/* Begin PBXSourcesBuildPhase section */
		6E3B26B620451EF1002BD80C /* Sources */ = {
			isa = PBXSourcesBuildPhase;
			buildActionMask = 2147483647;
			files = (
				6E3B26C220451EF1002BD80C /* ViewController.m in Sources */,
				6E3B26CD20451EF1002BD80C /* main.m in Sources */,
				6E3B26BF20451EF1002BD80C /* AppDelegate.m in Sources */,
			);
			runOnlyForDeploymentPostprocessing = 0;
		};
/* End PBXSourcesBuildPhase section */

/* Begin PBXVariantGroup section */
		6E3B26C320451EF1002BD80C /* Main.storyboard */ = {
			isa = PBXVariantGroup;
			children = (
				6E3B26C420451EF1002BD80C /* Base */,
			);
			name = Main.storyboard;
			sourceTree = "<group>";
		};
		6E3B26C820451EF1002BD80C /* LaunchScreen.storyboard */ = {
			isa = PBXVariantGroup;
			children = (
				6E3B26C920451EF1002BD80C /* Base */,
			);
			name = LaunchScreen.storyboard;
			sourceTree = "<group>";
		};
/* End PBXVariantGroup section */

/* Begin XCBuildConfiguration section */
		6E3B26CE20451EF1002BD80C /* Debug */ = {
			isa = XCBuildConfiguration;
			buildSettings = {
				ALWAYS_SEARCH_USER_PATHS = NO;
				CLANG_ANALYZER_NONNULL = YES;
				CLANG_ANALYZER_NUMBER_OBJECT_CONVERSION = YES_AGGRESSIVE;
				CLANG_CXX_LANGUAGE_STANDARD = "gnu++14";
				CLANG_CXX_LIBRARY = "libc++";
				CLANG_ENABLE_MODULES = YES;
				CLANG_ENABLE_OBJC_ARC = YES;
				CLANG_WARN_BLOCK_CAPTURE_AUTORELEASING = YES;
				CLANG_WARN_BOOL_CONVERSION = YES;
				CLANG_WARN_COMMA = YES;
				CLANG_WARN_CONSTANT_CONVERSION = YES;
				CLANG_WARN_DIRECT_OBJC_ISA_USAGE = YES_ERROR;
				CLANG_WARN_DOCUMENTATION_COMMENTS = YES;
				CLANG_WARN_EMPTY_BODY = YES;
				CLANG_WARN_ENUM_CONVERSION = YES;
				CLANG_WARN_INFINITE_RECURSION = YES;
				CLANG_WARN_INT_CONVERSION = YES;
				CLANG_WARN_NON_LITERAL_NULL_CONVERSION = YES;
				CLANG_WARN_OBJC_LITERAL_CONVERSION = YES;
				CLANG_WARN_OBJC_ROOT_CLASS = YES_ERROR;
				CLANG_WARN_RANGE_LOOP_ANALYSIS = YES;
				CLANG_WARN_STRICT_PROTOTYPES = YES;
				CLANG_WARN_SUSPICIOUS_MOVE = YES;
				CLANG_WARN_UNGUARDED_AVAILABILITY = YES_AGGRESSIVE;
				CLANG_WARN_UNREACHABLE_CODE = YES;
				CLANG_WARN__DUPLICATE_METHOD_MATCH = YES;
				CODE_SIGN_IDENTITY = "iPhone Developer";
				COPY_PHASE_STRIP = NO;
				DEBUG_INFORMATION_FORMAT = dwarf;
				ENABLE_STRICT_OBJC_MSGSEND = YES;
				ENABLE_TESTABILITY = YES;
				GCC_C_LANGUAGE_STANDARD = gnu11;
				GCC_DYNAMIC_NO_PIC = NO;
				GCC_NO_COMMON_BLOCKS = YES;
				GCC_OPTIMIZATION_LEVEL = 0;
				GCC_PREPROCESSOR_DEFINITIONS = (
					"DEBUG=1",
					"$(inherited)",
				);
				GCC_WARN_64_TO_32_BIT_CONVERSION = YES;
				GCC_WARN_ABOUT_RETURN_TYPE = YES_ERROR;
				GCC_WARN_UNDECLARED_SELECTOR = YES;
				GCC_WARN_UNINITIALIZED_AUTOS = YES_AGGRESSIVE;
				GCC_WARN_UNUSED_FUNCTION = YES;
				GCC_WARN_UNUSED_VARIABLE = YES;
				IPHONEOS_DEPLOYMENT_TARGET = 11.2;
				MTL_ENABLE_DEBUG_INFO = YES;
				ONLY_ACTIVE_ARCH = YES;
				SDKROOT = iphoneos;
			};
			name = Debug;
		};
		6E3B26CF20451EF1002BD80C /* Release */ = {
			isa = XCBuildConfiguration;
			buildSettings = {
				ALWAYS_SEARCH_USER_PATHS = NO;
				CLANG_ANALYZER_NONNULL = YES;
				CLANG_ANALYZER_NUMBER_OBJECT_CONVERSION = YES_AGGRESSIVE;
				CLANG_CXX_LANGUAGE_STANDARD = "gnu++14";
				CLANG_CXX_LIBRARY = "libc++";
				CLANG_ENABLE_MODULES = YES;
				CLANG_ENABLE_OBJC_ARC = YES;
				CLANG_WARN_BLOCK_CAPTURE_AUTORELEASING = YES;
				CLANG_WARN_BOOL_CONVERSION = YES;
				CLANG_WARN_COMMA = YES;
				CLANG_WARN_CONSTANT_CONVERSION = YES;
				CLANG_WARN_DIRECT_OBJC_ISA_USAGE = YES_ERROR;
				CLANG_WARN_DOCUMENTATION_COMMENTS = YES;
				CLANG_WARN_EMPTY_BODY = YES;
				CLANG_WARN_ENUM_CONVERSION = YES;
				CLANG_WARN_INFINITE_RECURSION = YES;
				CLANG_WARN_INT_CONVERSION = YES;
				CLANG_WARN_NON_LITERAL_NULL_CONVERSION = YES;
				CLANG_WARN_OBJC_LITERAL_CONVERSION = YES;
				CLANG_WARN_OBJC_ROOT_CLASS = YES_ERROR;
				CLANG_WARN_RANGE_LOOP_ANALYSIS = YES;
				CLANG_WARN_STRICT_PROTOTYPES = YES;
				CLANG_WARN_SUSPICIOUS_MOVE = YES;
				CLANG_WARN_UNGUARDED_AVAILABILITY = YES_AGGRESSIVE;
				CLANG_WARN_UNREACHABLE_CODE = YES;
				CLANG_WARN__DUPLICATE_METHOD_MATCH = YES;
				CODE_SIGN_IDENTITY = "iPhone Developer";
				COPY_PHASE_STRIP = NO;
				DEBUG_INFORMATION_FORMAT = "dwarf-with-dsym";
				ENABLE_NS_ASSERTIONS = NO;
				ENABLE_STRICT_OBJC_MSGSEND = YES;
				GCC_C_LANGUAGE_STANDARD = gnu11;
				GCC_NO_COMMON_BLOCKS = YES;
				GCC_WARN_64_TO_32_BIT_CONVERSION = YES;
				GCC_WARN_ABOUT_RETURN_TYPE = YES_ERROR;
				GCC_WARN_UNDECLARED_SELECTOR = YES;
				GCC_WARN_UNINITIALIZED_AUTOS = YES_AGGRESSIVE;
				GCC_WARN_UNUSED_FUNCTION = YES;
				GCC_WARN_UNUSED_VARIABLE = YES;
				IPHONEOS_DEPLOYMENT_TARGET = 11.2;
				MTL_ENABLE_DEBUG_INFO = NO;
				SDKROOT = iphoneos;
				VALIDATE_PRODUCT = YES;
			};
			name = Release;
		};
		6E3B26D120451EF1002BD80C /* Debug */ = {
			isa = XCBuildConfiguration;
			baseConfigurationReference = B1657DBA96E41E576057E982 /* Pods-Khalti-Pay.debug.xcconfig */;
			buildSettings = {
				ALWAYS_EMBED_SWIFT_STANDARD_LIBRARIES = YES;
				ASSETCATALOG_COMPILER_APPICON_NAME = AppIcon;
				CODE_SIGN_STYLE = Automatic;
				DEFINES_MODULE = YES;
				DEVELOPMENT_TEAM = HW5PK5B369;
				INFOPLIST_FILE = "Khalti-Pay/Info.plist";
				LD_RUNPATH_SEARCH_PATHS = "$(inherited) @executable_path/Frameworks";
				PRODUCT_BUNDLE_IDENTIFIER = "com.khalti.Khalti-Pay";
				PRODUCT_NAME = "$(TARGET_NAME)";
				TARGETED_DEVICE_FAMILY = "1,2";
			};
			name = Debug;
		};
		6E3B26D220451EF1002BD80C /* Release */ = {
			isa = XCBuildConfiguration;
			baseConfigurationReference = E503DB0775F1B3A828A21FEE /* Pods-Khalti-Pay.release.xcconfig */;
			buildSettings = {
				ALWAYS_EMBED_SWIFT_STANDARD_LIBRARIES = YES;
				ASSETCATALOG_COMPILER_APPICON_NAME = AppIcon;
				CODE_SIGN_STYLE = Automatic;
				DEFINES_MODULE = YES;
				DEVELOPMENT_TEAM = HW5PK5B369;
				INFOPLIST_FILE = "Khalti-Pay/Info.plist";
				LD_RUNPATH_SEARCH_PATHS = "$(inherited) @executable_path/Frameworks";
				PRODUCT_BUNDLE_IDENTIFIER = "com.khalti.Khalti-Pay";
				PRODUCT_NAME = "$(TARGET_NAME)";
				TARGETED_DEVICE_FAMILY = "1,2";
			};
			name = Release;
		};
/* End XCBuildConfiguration section */

/* Begin XCConfigurationList section */
		6E3B26B520451EF1002BD80C /* Build configuration list for PBXProject "Khalti-Pay" */ = {
			isa = XCConfigurationList;
			buildConfigurations = (
				6E3B26CE20451EF1002BD80C /* Debug */,
				6E3B26CF20451EF1002BD80C /* Release */,
			);
			defaultConfigurationIsVisible = 0;
			defaultConfigurationName = Release;
		};
		6E3B26D020451EF1002BD80C /* Build configuration list for PBXNativeTarget "Khalti-Pay" */ = {
			isa = XCConfigurationList;
			buildConfigurations = (
				6E3B26D120451EF1002BD80C /* Debug */,
				6E3B26D220451EF1002BD80C /* Release */,
			);
			defaultConfigurationIsVisible = 0;
			defaultConfigurationName = Release;
		};
/* End XCConfigurationList section */
	};
	rootObject = 6E3B26B220451EF1002BD80C /* Project object */;
}
